
Microsoft Visual Studio Solution File, Format Version 12.00
# Visual Studio Version 16
VisualStudioVersion = 16.0.31025.194
MinimumVisualStudioVersion = 10.0.40219.1
Project("{9A19103F-16F7-4668-BE54-9A1E7A4F7556}") = "ConsoleProject1", "ConsoleProject1\ConsoleProject1.csproj", "{3C6CCF01-00C0-409B-A7DB-C3EC589707C0}"
EndProject
Project("{FAE04EC0-301F-11D3-BF4B-00C04F79EFBC}") = "MyLibrary1", "MyLibrary1\MyLibrary1.csproj", "{B912F918-C953-4254-94ED-E0BC23AE3B1C}"
EndProject
Global
	GlobalSection(SolutionConfigurationPlatforms) = preSolution
		Debug|Any CPU = Debug|Any CPU
		Release|Any CPU = Release|Any CPU
	EndGlobalSection
	GlobalSection(ProjectConfigurationPlatforms) = postSolution
		{3C6CCF01-00C0-409B-A7DB-C3EC589707C0}.Debug|Any CPU.ActiveCfg = Debug|Any CPU
		{3C6CCF01-00C0-409B-A7DB-C3EC589707C0}.Debug|Any CPU.Build.0 = Debug|Any CPU
		{3C6CCF01-00C0-409B-A7DB-C3EC589707C0}.Release|Any CPU.ActiveCfg = Release|Any CPU
		{3C6CCF01-00C0-409B-A7DB-C3EC589707C0}.Release|Any CPU.Build.0 = Release|Any CPU
		{B912F918-C953-4254-94ED-E0BC23AE3B1C}.Debug|Any CPU.ActiveCfg = Debug|Any CPU
		{B912F918-C953-4254-94ED-E0BC23AE3B1C}.Debug|Any CPU.Build.0 = Debug|Any CPU
		{B912F918-C953-4254-94ED-E0BC23AE3B1C}.Release|Any CPU.ActiveCfg = Release|Any CPU
		{B912F918-C953-4254-94ED-E0BC23AE3B1C}.Release|Any CPU.Build.0 = Release|Any CPU
	EndGlobalSection
	GlobalSection(SolutionProperties) = preSolution
		HideSolutionNode = FALSE
	EndGlobalSection
	GlobalSection(ExtensibilityGlobals) = postSolution
		SolutionGuid = {35905C10-153D-4972-BA50-0E06F0D81DFF}
	EndGlobalSection
EndGlobal
